
Microsoft Visual Studio Solution File, Format Version 12.00
# Visual Studio 15
VisualStudioVersion = 15.0.26124.0
MinimumVisualStudioVersion = 15.0.26124.0
Project("{FAE04EC0-301F-11D3-BF4B-00C04F79EFBC}") = "Bakery.Api", "Bakery.Api\Bakery.Api.csproj", "{5B2A86E6-9151-4093-87B7-94E7F3B98A0F}"
EndProject
Project("{FAE04EC0-301F-11D3-BF4B-00C04F79EFBC}") = "Catalog.Api", "Catalog.Api\Catalog.Api.csproj", "{762EFCD1-5FD9-425C-8A47-12375965D8DF}"
EndProject
Project("{FAE04EC0-301F-11D3-BF4B-00C04F79EFBC}") = "Gateway.Api", "Gateway.Api\Gateway.Api.csproj", "{BCCEB6DE-0B4F-4CC3-908E-0D59C16FC7D4}"
EndProject
Global
	GlobalSection(SolutionConfigurationPlatforms) = preSolution
		Debug|Any CPU = Debug|Any CPU
		Debug|x64 = Debug|x64
		Debug|x86 = Debug|x86
		Release|Any CPU = Release|Any CPU
		Release|x64 = Release|x64
		Release|x86 = Release|x86
	EndGlobalSection
	GlobalSection(SolutionProperties) = preSolution
		HideSolutionNode = FALSE
	EndGlobalSection
	GlobalSection(ProjectConfigurationPlatforms) = postSolution
		{5B2A86E6-9151-4093-87B7-94E7F3B98A0F}.Debug|Any CPU.ActiveCfg = Debug|Any CPU
		{5B2A86E6-9151-4093-87B7-94E7F3B98A0F}.Debug|Any CPU.Build.0 = Debug|Any CPU
		{5B2A86E6-9151-4093-87B7-94E7F3B98A0F}.Debug|x64.ActiveCfg = Debug|Any CPU
		{5B2A86E6-9151-4093-87B7-94E7F3B98A0F}.Debug|x64.Build.0 = Debug|Any CPU
		{5B2A86E6-9151-4093-87B7-94E7F3B98A0F}.Debug|x86.ActiveCfg = Debug|Any CPU
		{5B2A86E6-9151-4093-87B7-94E7F3B98A0F}.Debug|x86.Build.0 = Debug|Any CPU
		{5B2A86E6-9151-4093-87B7-94E7F3B98A0F}.Release|Any CPU.ActiveCfg = Release|Any CPU
		{5B2A86E6-9151-4093-87B7-94E7F3B98A0F}.Release|Any CPU.Build.0 = Release|Any CPU
		{5B2A86E6-9151-4093-87B7-94E7F3B98A0F}.Release|x64.ActiveCfg = Release|Any CPU
		{5B2A86E6-9151-4093-87B7-94E7F3B98A0F}.Release|x64.Build.0 = Release|Any CPU
		{5B2A86E6-9151-4093-87B7-94E7F3B98A0F}.Release|x86.ActiveCfg = Release|Any CPU
		{5B2A86E6-9151-4093-87B7-94E7F3B98A0F}.Release|x86.Build.0 = Release|Any CPU
		{762EFCD1-5FD9-425C-8A47-12375965D8DF}.Debug|Any CPU.ActiveCfg = Debug|Any CPU
		{762EFCD1-5FD9-425C-8A47-12375965D8DF}.Debug|Any CPU.Build.0 = Debug|Any CPU
		{762EFCD1-5FD9-425C-8A47-12375965D8DF}.Debug|x64.ActiveCfg = Debug|Any CPU
		{762EFCD1-5FD9-425C-8A47-12375965D8DF}.Debug|x64.Build.0 = Debug|Any CPU
		{762EFCD1-5FD9-425C-8A47-12375965D8DF}.Debug|x86.ActiveCfg = Debug|Any CPU
		{762EFCD1-5FD9-425C-8A47-12375965D8DF}.Debug|x86.Build.0 = Debug|Any CPU
		{762EFCD1-5FD9-425C-8A47-12375965D8DF}.Release|Any CPU.ActiveCfg = Release|Any CPU
		{762EFCD1-5FD9-425C-8A47-12375965D8DF}.Release|Any CPU.Build.0 = Release|Any CPU
		{762EFCD1-5FD9-425C-8A47-12375965D8DF}.Release|x64.ActiveCfg = Release|Any CPU
		{762EFCD1-5FD9-425C-8A47-12375965D8DF}.Release|x64.Build.0 = Release|Any CPU
		{762EFCD1-5FD9-425C-8A47-12375965D8DF}.Release|x86.ActiveCfg = Release|Any CPU
		{762EFCD1-5FD9-425C-8A47-12375965D8DF}.Release|x86.Build.0 = Release|Any CPU
		{BCCEB6DE-0B4F-4CC3-908E-0D59C16FC7D4}.Debug|Any CPU.ActiveCfg = Debug|Any CPU
		{BCCEB6DE-0B4F-4CC3-908E-0D59C16FC7D4}.Debug|Any CPU.Build.0 = Debug|Any CPU
		{BCCEB6DE-0B4F-4CC3-908E-0D59C16FC7D4}.Debug|x64.ActiveCfg = Debug|Any CPU
		{BCCEB6DE-0B4F-4CC3-908E-0D59C16FC7D4}.Debug|x64.Build.0 = Debug|Any CPU
		{BCCEB6DE-0B4F-4CC3-908E-0D59C16FC7D4}.Debug|x86.ActiveCfg = Debug|Any CPU
		{BCCEB6DE-0B4F-4CC3-908E-0D59C16FC7D4}.Debug|x86.Build.0 = Debug|Any CPU
		{BCCEB6DE-0B4F-4CC3-908E-0D59C16FC7D4}.Release|Any CPU.ActiveCfg = Release|Any CPU
		{BCCEB6DE-0B4F-4CC3-908E-0D59C16FC7D4}.Release|Any CPU.Build.0 = Release|Any CPU
		{BCCEB6DE-0B4F-4CC3-908E-0D59C16FC7D4}.Release|x64.ActiveCfg = Release|Any CPU
		{BCCEB6DE-0B4F-4CC3-908E-0D59C16FC7D4}.Release|x64.Build.0 = Release|Any CPU
		{BCCEB6DE-0B4F-4CC3-908E-0D59C16FC7D4}.Release|x86.ActiveCfg = Release|Any CPU
		{BCCEB6DE-0B4F-4CC3-908E-0D59C16FC7D4}.Release|x86.Build.0 = Release|Any CPU
	EndGlobalSection
EndGlobal
